// !$*UTF8*$!
{
	archiveVersion = 1;
	classes = {
	};
	objectVersion = 45;
	objects = {

/* Begin PBXBuildFile section */
		1DDD58160DA1D0A300B32029 /* MainMenu.xib in Resources */ = {isa = PBXBuildFile; fileRef = 1DDD58140DA1D0A300B32029 /* MainMenu.xib */; };
		1F34C76B48E8A47A05A8A416 /* iChatAIAppDelegate.m in Sources */ = {isa = PBXBuildFile; fileRef = FA25E16813C2DB0811B7DF23 /* iChatAIAppDelegate.m */; };
		2A6ADD7147F4FC98E7C43A2E /* AnthropicClient.m in Sources */ = {isa = PBXBuildFile; fileRef = BAC50DB3B726F5EBDC0AC01E /* AnthropicClient.m */; };
		665832614CBB1E01E1F8E4EE /* KeychainHelper.m in Sources */ = {isa = PBXBuildFile; fileRef = 861D124DDBC737B8A54C374F /* KeychainHelper.m */; };
		693A15F43E4FFF5D3592A88C /* SimpleJSON.m in Sources */ = {isa = PBXBuildFile; fileRef = 1B263C046E1BD51DAB3222EF /* SimpleJSON.m */; };
		6BAF7C44FDF934DCCE72A3C8 /* chat.html in Resources */ = {isa = PBXBuildFile; fileRef = 9E17B94F8C7EC038B5F9B256 /* chat.html */; };
		8CD5079ACFF88AD30FAC41BA /* Security.framework in Frameworks */ = {isa = PBXBuildFile; fileRef = 9E4A32CDE5E02CE5FB896152 /* Security.framework */; };
		8D11072B0486CEB800E47090 /* InfoPlist.strings in Resources */ = {isa = PBXBuildFile; fileRef = 089C165CFE840E0CC02AAC07 /* InfoPlist.strings */; };
		8D11072D0486CEB800E47090 /* main.m in Sources */ = {isa = PBXBuildFile; fileRef = 29B97316FDCFA39411CA2CEA /* main.m */; settings = {ATTRIBUTES = (); }; };
		8D11072F0486CEB800E47090 /* Cocoa.framework in Frameworks */ = {isa = PBXBuildFile; fileRef = 1058C7A1FEA54F0111CA2CBB /* Cocoa.framework */; };
		CC139DC81612D55C59014C4D /* PreferencesWindowController.m in Sources */ = {isa = PBXBuildFile; fileRef = 93AF5543503646B5DE00E640 /* PreferencesWindowController.m */; };
		D7A1327E7758412BBF1864E4 /* SetupWindowController.m in Sources */ = {isa = PBXBuildFile; fileRef = 11A2FD151CE78FF327465305 /* SetupWindowController.m */; };
		D8FE472358A40160460678C6 /* WebKit.framework in Frameworks */ = {isa = PBXBuildFile; fileRef = 24DFA2C0C58A983FB3DA857F /* WebKit.framework */; };
		E1D0FBDF736DB25045680E83 /* ChatWindowController.m in Sources */ = {isa = PBXBuildFile; fileRef = B64808BD61B2B4F17DF3D559 /* ChatWindowController.m */; };
		E2DA3C972FE2580B00395C57 /* curl-static in Resources */ = {isa = PBXBuildFile; fileRef = E2DA3C962FE2580B00395C57 /* curl-static */; };
/* End PBXBuildFile section */

/* Begin PBXFileReference section */
		089C165DFE840E0CC02AAC07 /* English */ = {isa = PBXFileReference; fileEncoding = 4; lastKnownFileType = text.plist.strings; name = English; path = English.lproj/InfoPlist.strings; sourceTree = "<group>"; };
		1058C7A1FEA54F0111CA2CBB /* Cocoa.framework */ = {isa = PBXFileReference; lastKnownFileType = wrapper.framework; name = Cocoa.framework; path = /System/Library/Frameworks/Cocoa.framework; sourceTree = "<absolute>"; };
		11A2FD151CE78FF327465305 /* SetupWindowController.m */ = {isa = PBXFileReference; fileEncoding = 4; lastKnownFileType = sourcecode.c.objc; path = SetupWindowController.m; sourceTree = "<group>"; };
		13E42FB307B3F0F600E4EEF1 /* CoreData.framework */ = {isa = PBXFileReference; lastKnownFileType = wrapper.framework; name = CoreData.framework; path = /System/Library/Frameworks/CoreData.framework; sourceTree = "<absolute>"; };
		1B263C046E1BD51DAB3222EF /* SimpleJSON.m */ = {isa = PBXFileReference; fileEncoding = 4; lastKnownFileType = sourcecode.c.objc; path = SimpleJSON.m; sourceTree = "<group>"; };
		1DDD58150DA1D0A300B32029 /* English */ = {isa = PBXFileReference; lastKnownFileType = file.xib; name = English; path = English.lproj/MainMenu.xib; sourceTree = "<group>"; };
		24DFA2C0C58A983FB3DA857F /* WebKit.framework */ = {isa = PBXFileReference; lastKnownFileType = wrapper.framework; name = WebKit.framework; path = /System/Library/Frameworks/WebKit.framework; sourceTree = "<absolute>"; };
		256AC3D80F4B6AC300CF3369 /* iChatAIAppDelegate.h */ = {isa = PBXFileReference; fileEncoding = 4; lastKnownFileType = sourcecode.c.h; path = iChatAIAppDelegate.h; sourceTree = "<group>"; };
		256AC3F00F4B6AF500CF3369 /* iChatAI_Prefix.pch */ = {isa = PBXFileReference; fileEncoding = 4; lastKnownFileType = sourcecode.c.h; path = iChatAI_Prefix.pch; sourceTree = "<group>"; };
		29B97316FDCFA39411CA2CEA /* main.m */ = {isa = PBXFileReference; fileEncoding = 4; lastKnownFileType = sourcecode.c.objc; path = main.m; sourceTree = "<group>"; };
		29B97324FDCFA39411CA2CEA /* AppKit.framework */ = {isa = PBXFileReference; lastKnownFileType = wrapper.framework; name = AppKit.framework; path = /System/Library/Frameworks/AppKit.framework; sourceTree = "<absolute>"; };
		29B97325FDCFA39411CA2CEA /* Foundation.framework */ = {isa = PBXFileReference; lastKnownFileType = wrapper.framework; name = Foundation.framework; path = /System/Library/Frameworks/Foundation.framework; sourceTree = "<absolute>"; };
		4576F009C83AEDBFA0A9F241 /* KeychainHelper.h */ = {isa = PBXFileReference; fileEncoding = 4; lastKnownFileType = sourcecode.c.h; path = KeychainHelper.h; sourceTree = "<group>"; };
		49E498D4E6791BE3BE8654C5 /* SimpleJSON.h */ = {isa = PBXFileReference; fileEncoding = 4; lastKnownFileType = sourcecode.c.h; path = SimpleJSON.h; sourceTree = "<group>"; };
		7029E8EA5A25B8422FF33ADE /* SetupWindowController.h */ = {isa = PBXFileReference; fileEncoding = 4; lastKnownFileType = sourcecode.c.h; path = SetupWindowController.h; sourceTree = "<group>"; };
		7C13906784A1F8BB203A0269 /* PreferencesWindowController.h */ = {isa = PBXFileReference; fileEncoding = 4; lastKnownFileType = sourcecode.c.h; path = PreferencesWindowController.h; sourceTree = "<group>"; };
		861D124DDBC737B8A54C374F /* KeychainHelper.m */ = {isa = PBXFileReference; fileEncoding = 4; lastKnownFileType = sourcecode.c.objc; path = KeychainHelper.m; sourceTree = "<group>"; };
		8D1107310486CEB800E47090 /* iChatAI-Info.plist */ = {isa = PBXFileReference; fileEncoding = 4; lastKnownFileType = text.plist.xml; path = "iChatAI-Info.plist"; sourceTree = "<group>"; };
		8D1107320486CEB800E47090 /* iChatAI.app */ = {isa = PBXFileReference; explicitFileType = wrapper.application; includeInIndex = 0; path = iChatAI.app; sourceTree = BUILT_PRODUCTS_DIR; };
		93AF5543503646B5DE00E640 /* PreferencesWindowController.m */ = {isa = PBXFileReference; fileEncoding = 4; lastKnownFileType = sourcecode.c.objc; path = PreferencesWindowController.m; sourceTree = "<group>"; };
		9E17B94F8C7EC038B5F9B256 /* chat.html */ = {isa = PBXFileReference; fileEncoding = 4; lastKnownFileType = text.html; path = chat.html; sourceTree = "<group>"; };
		9E4A32CDE5E02CE5FB896152 /* Security.framework */ = {isa = PBXFileReference; lastKnownFileType = wrapper.framework; name = Security.framework; path = /System/Library/Frameworks/Security.framework; sourceTree = "<absolute>"; };
		AA21D8049086903A082180A4 /* iChatAIAppDelegate.h */ = {isa = PBXFileReference; fileEncoding = 4; lastKnownFileType = sourcecode.c.h; path = iChatAIAppDelegate.h; sourceTree = "<group>"; };
		B64808BD61B2B4F17DF3D559 /* ChatWindowController.m */ = {isa = PBXFileReference; fileEncoding = 4; lastKnownFileType = sourcecode.c.objc; path = ChatWindowController.m; sourceTree = "<group>"; };
		BAC50DB3B726F5EBDC0AC01E /* AnthropicClient.m */ = {isa = PBXFileReference; fileEncoding = 4; lastKnownFileType = sourcecode.c.objc; path = AnthropicClient.m; sourceTree = "<group>"; };
		C8169384674B772A2565B762 /* ChatWindowController.h */ = {isa = PBXFileReference; fileEncoding = 4; lastKnownFileType = sourcecode.c.h; path = ChatWindowController.h; sourceTree = "<group>"; };
		E2DA3C962FE2580B00395C57 /* curl-static */ = {isa = PBXFileReference; lastKnownFileType = "compiled.mach-o.executable"; path = "curl-static"; sourceTree = "<group>"; };
		E9F2156FBBB6A1F7B31AA076 /* AnthropicClient.h */ = {isa = PBXFileReference; fileEncoding = 4; lastKnownFileType = sourcecode.c.h; path = AnthropicClient.h; sourceTree = "<group>"; };
		FA25E16813C2DB0811B7DF23 /* iChatAIAppDelegate.m */ = {isa = PBXFileReference; fileEncoding = 4; lastKnownFileType = sourcecode.c.objc; path = iChatAIAppDelegate.m; sourceTree = "<group>"; };
/* End PBXFileReference section */

/* Begin PBXFrameworksBuildPhase section */
		8D11072E0486CEB800E47090 /* Frameworks */ = {
			isa = PBXFrameworksBuildPhase;
			buildActionMask = 2147483647;
			files = (
				8D11072F0486CEB800E47090 /* Cocoa.framework in Frameworks */,
				D8FE472358A40160460678C6 /* WebKit.framework in Frameworks */,
				8CD5079ACFF88AD30FAC41BA /* Security.framework in Frameworks */,
			);
			runOnlyForDeploymentPostprocessing = 0;
		};
/* End PBXFrameworksBuildPhase section */

/* Begin PBXGroup section */
		080E96DDFE201D6D7F000001 /* Classes */ = {
			isa = PBXGroup;
			children = (
				256AC3D80F4B6AC300CF3369 /* iChatAIAppDelegate.h */,
				E9F2156FBBB6A1F7B31AA076 /* AnthropicClient.h */,
				BAC50DB3B726F5EBDC0AC01E /* AnthropicClient.m */,
				C8169384674B772A2565B762 /* ChatWindowController.h */,
				B64808BD61B2B4F17DF3D559 /* ChatWindowController.m */,
				AA21D8049086903A082180A4 /* iChatAIAppDelegate.h */,
				FA25E16813C2DB0811B7DF23 /* iChatAIAppDelegate.m */,
				4576F009C83AEDBFA0A9F241 /* KeychainHelper.h */,
				861D124DDBC737B8A54C374F /* KeychainHelper.m */,
				7C13906784A1F8BB203A0269 /* PreferencesWindowController.h */,
				93AF5543503646B5DE00E640 /* PreferencesWindowController.m */,
				7029E8EA5A25B8422FF33ADE /* SetupWindowController.h */,
				11A2FD151CE78FF327465305 /* SetupWindowController.m */,
				49E498D4E6791BE3BE8654C5 /* SimpleJSON.h */,
				1B263C046E1BD51DAB3222EF /* SimpleJSON.m */,
			);
			name = Classes;
			sourceTree = "<group>";
		};
		1058C7A0FEA54F0111CA2CBB /* Linked Frameworks */ = {
			isa = PBXGroup;
			children = (
				1058C7A1FEA54F0111CA2CBB /* Cocoa.framework */,
				24DFA2C0C58A983FB3DA857F /* WebKit.framework */,
				9E4A32CDE5E02CE5FB896152 /* Security.framework */,
			);
			name = "Linked Frameworks";
			sourceTree = "<group>";
		};
		1058C7A2FEA54F0111CA2CBB /* Other Frameworks */ = {
			isa = PBXGroup;
			children = (
				29B97324FDCFA39411CA2CEA /* AppKit.framework */,
				13E42FB307B3F0F600E4EEF1 /* CoreData.framework */,
				29B97325FDCFA39411CA2CEA /* Foundation.framework */,
			);
			name = "Other Frameworks";
			sourceTree = "<group>";
		};
		19C28FACFE9D520D11CA2CBB /* Products */ = {
			isa = PBXGroup;
			children = (
				8D1107320486CEB800E47090 /* iChatAI.app */,
			);
			name = Products;
			sourceTree = "<group>";
		};
		29B97314FDCFA39411CA2CEA /* iChatAI */ = {
			isa = PBXGroup;
			children = (
				080E96DDFE201D6D7F000001 /* Classes */,
				29B97315FDCFA39411CA2CEA /* Other Sources */,
				29B97317FDCFA39411CA2CEA /* Resources */,
				29B97323FDCFA39411CA2CEA /* Frameworks */,
				19C28FACFE9D520D11CA2CBB /* Products */,
			);
			name = iChatAI;
			sourceTree = "<group>";
		};
		29B97315FDCFA39411CA2CEA /* Other Sources */ = {
			isa = PBXGroup;
			children = (
				256AC3F00F4B6AF500CF3369 /* iChatAI_Prefix.pch */,
				29B97316FDCFA39411CA2CEA /* main.m */,
			);
			name = "Other Sources";
			sourceTree = "<group>";
		};
		29B97317FDCFA39411CA2CEA /* Resources */ = {
			isa = PBXGroup;
			children = (
				E2DA3C962FE2580B00395C57 /* curl-static */,
				8D1107310486CEB800E47090 /* iChatAI-Info.plist */,
				089C165CFE840E0CC02AAC07 /* InfoPlist.strings */,
				1DDD58140DA1D0A300B32029 /* MainMenu.xib */,
				9E17B94F8C7EC038B5F9B256 /* chat.html */,
			);
			name = Resources;
			sourceTree = "<group>";
		};
		29B97323FDCFA39411CA2CEA /* Frameworks */ = {
			isa = PBXGroup;
			children = (
				1058C7A0FEA54F0111CA2CBB /* Linked Frameworks */,
				1058C7A2FEA54F0111CA2CBB /* Other Frameworks */,
			);
			name = Frameworks;
			sourceTree = "<group>";
		};
/* End PBXGroup section */

/* Begin PBXNativeTarget section */
		8D1107260486CEB800E47090 /* iChatAI */ = {
			isa = PBXNativeTarget;
			buildConfigurationList = C01FCF4A08A954540054247B /* Build configuration list for PBXNativeTarget "iChatAI" */;
			buildPhases = (
				8D1107290486CEB800E47090 /* Resources */,
				8D11072C0486CEB800E47090 /* Sources */,
				8D11072E0486CEB800E47090 /* Frameworks */,
			);
			buildRules = (
			);
			dependencies = (
			);
			name = iChatAI;
			productInstallPath = "$(HOME)/Applications";
			productName = iChatAI;
			productReference = 8D1107320486CEB800E47090 /* iChatAI.app */;
			productType = "com.apple.product-type.application";
		};
/* End PBXNativeTarget section */

/* Begin PBXProject section */
		29B97313FDCFA39411CA2CEA /* Project object */ = {
			isa = PBXProject;
			buildConfigurationList = C01FCF4E08A954540054247B /* Build configuration list for PBXProject "iChatAI" */;
			compatibilityVersion = "Xcode 3.1";
			developmentRegion = English;
			hasScannedForEncodings = 1;
			knownRegions = (
				English,
				Japanese,
				French,
				German,
			);
			mainGroup = 29B97314FDCFA39411CA2CEA /* iChatAI */;
			projectDirPath = "";
			projectRoot = "";
			targets = (
				8D1107260486CEB800E47090 /* iChatAI */,
			);
		};
/* End PBXProject section */

/* Begin PBXResourcesBuildPhase section */
		8D1107290486CEB800E47090 /* Resources */ = {
			isa = PBXResourcesBuildPhase;
			buildActionMask = 2147483647;
			files = (
				8D11072B0486CEB800E47090 /* InfoPlist.strings in Resources */,
				1DDD58160DA1D0A300B32029 /* MainMenu.xib in Resources */,
				6BAF7C44FDF934DCCE72A3C8 /* chat.html in Resources */,
				E2DA3C972FE2580B00395C57 /* curl-static in Resources */,
			);
			runOnlyForDeploymentPostprocessing = 0;
		};
/* End PBXResourcesBuildPhase section */

/* Begin PBXSourcesBuildPhase section */
		8D11072C0486CEB800E47090 /* Sources */ = {
			isa = PBXSourcesBuildPhase;
			buildActionMask = 2147483647;
			files = (
				8D11072D0486CEB800E47090 /* main.m in Sources */,
				2A6ADD7147F4FC98E7C43A2E /* AnthropicClient.m in Sources */,
				E1D0FBDF736DB25045680E83 /* ChatWindowController.m in Sources */,
				1F34C76B48E8A47A05A8A416 /* iChatAIAppDelegate.m in Sources */,
				665832614CBB1E01E1F8E4EE /* KeychainHelper.m in Sources */,
				CC139DC81612D55C59014C4D /* PreferencesWindowController.m in Sources */,
				D7A1327E7758412BBF1864E4 /* SetupWindowController.m in Sources */,
				693A15F43E4FFF5D3592A88C /* SimpleJSON.m in Sources */,
			);
			runOnlyForDeploymentPostprocessing = 0;
		};
/* End PBXSourcesBuildPhase section */

/* Begin PBXVariantGroup section */
		089C165CFE840E0CC02AAC07 /* InfoPlist.strings */ = {
			isa = PBXVariantGroup;
			children = (
				089C165DFE840E0CC02AAC07 /* English */,
			);
			name = InfoPlist.strings;
			sourceTree = "<group>";
		};
		1DDD58140DA1D0A300B32029 /* MainMenu.xib */ = {
			isa = PBXVariantGroup;
			children = (
				1DDD58150DA1D0A300B32029 /* English */,
			);
			name = MainMenu.xib;
			sourceTree = "<group>";
		};
/* End PBXVariantGroup section */

/* Begin XCBuildConfiguration section */
		C01FCF4B08A954540054247B /* Debug */ = {
			isa = XCBuildConfiguration;
			buildSettings = {
				ALWAYS_SEARCH_USER_PATHS = NO;
				COPY_PHASE_STRIP = NO;
				GCC_DYNAMIC_NO_PIC = NO;
				GCC_ENABLE_FIX_AND_CONTINUE = YES;
				GCC_MODEL_TUNING = G5;
				GCC_OPTIMIZATION_LEVEL = 0;
				GCC_PRECOMPILE_PREFIX_HEADER = YES;
				GCC_PREFIX_HEADER = iChatAI_Prefix.pch;
				INFOPLIST_FILE = "iChatAI-Info.plist";
				INSTALL_PATH = "$(HOME)/Applications";
				PRODUCT_NAME = iChatAI;
			};
			name = Debug;
		};
		C01FCF4C08A954540054247B /* Release */ = {
			isa = XCBuildConfiguration;
			buildSettings = {
				ALWAYS_SEARCH_USER_PATHS = NO;
				DEBUG_INFORMATION_FORMAT = "dwarf-with-dsym";
				GCC_MODEL_TUNING = G5;
				GCC_PRECOMPILE_PREFIX_HEADER = YES;
				GCC_PREFIX_HEADER = iChatAI_Prefix.pch;
				INFOPLIST_FILE = "iChatAI-Info.plist";
				INSTALL_PATH = "$(HOME)/Applications";
				PRODUCT_NAME = iChatAI;
			};
			name = Release;
		};
		C01FCF4F08A954540054247B /* Debug */ = {
			isa = XCBuildConfiguration;
			buildSettings = {
				ARCHS = "$(ARCHS_STANDARD_32_64_BIT)";
				GCC_C_LANGUAGE_STANDARD = gnu99;
				GCC_OPTIMIZATION_LEVEL = 0;
				GCC_WARN_ABOUT_RETURN_TYPE = YES;
				GCC_WARN_UNUSED_VARIABLE = YES;
				ONLY_ACTIVE_ARCH = YES;
				PREBINDING = NO;
				SDKROOT = macosx10.6;
			};
			name = Debug;
		};
		C01FCF5008A954540054247B /* Release */ = {
			isa = XCBuildConfiguration;
			buildSettings = {
				ARCHS = "$(ARCHS_STANDARD_32_64_BIT)";
				GCC_C_LANGUAGE_STANDARD = gnu99;
				GCC_WARN_ABOUT_RETURN_TYPE = YES;
				GCC_WARN_UNUSED_VARIABLE = YES;
				PREBINDING = NO;
				SDKROOT = macosx10.6;
			};
			name = Release;
		};
/* End XCBuildConfiguration section */

/* Begin XCConfigurationList section */
		C01FCF4A08A954540054247B /* Build configuration list for PBXNativeTarget "iChatAI" */ = {
			isa = XCConfigurationList;
			buildConfigurations = (
				C01FCF4B08A954540054247B /* Debug */,
				C01FCF4C08A954540054247B /* Release */,
			);
			defaultConfigurationIsVisible = 0;
			defaultConfigurationName = Release;
		};
		C01FCF4E08A954540054247B /* Build configuration list for PBXProject "iChatAI" */ = {
			isa = XCConfigurationList;
			buildConfigurations = (
				C01FCF4F08A954540054247B /* Debug */,
				C01FCF5008A954540054247B /* Release */,
			);
			defaultConfigurationIsVisible = 0;
			defaultConfigurationName = Release;
		};
/* End XCConfigurationList section */
	};
	rootObject = 29B97313FDCFA39411CA2CEA /* Project object */;
}
